# Generated by pub
# See https://dart.dev/tools/pub/glossary#lockfile
packages:
  ffi:
    dependency: "direct main"
    description:
      name: ffi
      url: "https://pub.flutter-io.cn"
    source: hosted
    version: "1.1.2"
  lints:
    dependency: "direct dev"
    description:
      name: lints
      url: "https://pub.flutter-io.cn"
    source: hosted
    version: "1.0.1"
  path:
    dependency: transitive
    description:
      name: path
      url: "https://pub.flutter-io.cn"
    source: hosted
    version: "1.8.0"
  stack_trace:
    dependency: "direct dev"
    description:
      name: stack_trace
      url: "https://pub.flutter-io.cn"
    source: hosted
    version: "1.10.0"
sdks:
  dart: ">=2.14.0-0 <3.0.0"
